
Microsoft Visual Studio Solution File, Format Version 12.00
# Visual Studio Version 17
VisualStudioVersion = 17.0.31903.59
MinimumVisualStudioVersion = 10.0.40219.1
Project("{FAE04EC0-301F-11D3-BF4B-00C04F79EFBC}") = "AssetManager.Core", "AssetManager.Core\AssetManager.Core.csproj", "{9CC540BC-4C4A-25E9-517B-2360DC4CA2E2}"
EndProject
Project("{FAE04EC0-301F-11D3-BF4B-00C04F79EFBC}") = "AssetManager.App", "AssetManager.App\AssetManager.App.csproj", "{BBE2AE1F-2867-9A95-DCC6-0F0D2EE23E7B}"
EndProject
Project("{FAE04EC0-301F-11D3-BF4B-00C04F79EFBC}") = "AssetManager.Tests", "AssetManager.Tests\AssetManager.Tests.csproj", "{4086C3B1-D5F8-028A-E461-7F5B885AE0ED}"
EndProject
Global
	GlobalSection(SolutionConfigurationPlatforms) = preSolution
		Debug|Any CPU = Debug|Any CPU
		Debug|x64 = Debug|x64
		Debug|x86 = Debug|x86
		Release|Any CPU = Release|Any CPU
		Release|x64 = Release|x64
		Release|x86 = Release|x86
	EndGlobalSection
	GlobalSection(ProjectConfigurationPlatforms) = postSolution
		{9CC540BC-4C4A-25E9-517B-2360DC4CA2E2}.Debug|x64.ActiveCfg = Debug|Any CPU
		{9CC540BC-4C4A-25E9-517B-2360DC4CA2E2}.Debug|x64.Build.0 = Debug|Any CPU
		{9CC540BC-4C4A-25E9-517B-2360DC4CA2E2}.Debug|x86.ActiveCfg = Debug|Any CPU
		{9CC540BC-4C4A-25E9-517B-2360DC4CA2E2}.Debug|x86.Build.0 = Debug|Any CPU
		{9CC540BC-4C4A-25E9-517B-2360DC4CA2E2}.Release|x64.ActiveCfg = Release|Any CPU
		{9CC540BC-4C4A-25E9-517B-2360DC4CA2E2}.Release|x64.Build.0 = Release|Any CPU
		{9CC540BC-4C4A-25E9-517B-2360DC4CA2E2}.Release|x86.ActiveCfg = Release|Any CPU
		{9CC540BC-4C4A-25E9-517B-2360DC4CA2E2}.Release|x86.Build.0 = Release|Any CPU
		{BBE2AE1F-2867-9A95-DCC6-0F0D2EE23E7B}.Debug|x64.ActiveCfg = Debug|Any CPU
		{BBE2AE1F-2867-9A95-DCC6-0F0D2EE23E7B}.Debug|x64.Build.0 = Debug|Any CPU
		{BBE2AE1F-2867-9A95-DCC6-0F0D2EE23E7B}.Debug|x86.ActiveCfg = Debug|Any CPU
		{BBE2AE1F-2867-9A95-DCC6-0F0D2EE23E7B}.Debug|x86.Build.0 = Debug|Any CPU
		{BBE2AE1F-2867-9A95-DCC6-0F0D2EE23E7B}.Release|x64.ActiveCfg = Release|Any CPU
		{BBE2AE1F-2867-9A95-DCC6-0F0D2EE23E7B}.Release|x64.Build.0 = Release|Any CPU
		{BBE2AE1F-2867-9A95-DCC6-0F0D2EE23E7B}.Release|x86.ActiveCfg = Release|Any CPU
		{BBE2AE1F-2867-9A95-DCC6-0F0D2EE23E7B}.Release|x86.Build.0 = Release|Any CPU
		{4086C3B1-D5F8-028A-E461-7F5B885AE0ED}.Debug|x64.ActiveCfg = Debug|Any CPU
		{4086C3B1-D5F8-028A-E461-7F5B885AE0ED}.Debug|x64.Build.0 = Debug|Any CPU
		{4086C3B1-D5F8-028A-E461-7F5B885AE0ED}.Debug|x86.ActiveCfg = Debug|Any CPU
		{4086C3B1-D5F8-028A-E461-7F5B885AE0ED}.Debug|x86.Build.0 = Debug|Any CPU
		{4086C3B1-D5F8-028A-E461-7F5B885AE0ED}.Release|x64.ActiveCfg = Release|Any CPU
		{4086C3B1-D5F8-028A-E461-7F5B885AE0ED}.Release|x64.Build.0 = Release|Any CPU
		{4086C3B1-D5F8-028A-E461-7F5B885AE0ED}.Release|x86.ActiveCfg = Release|Any CPU
		{4086C3B1-D5F8-028A-E461-7F5B885AE0ED}.Release|x86.Build.0 = Release|Any CPU
	EndGlobalSection
	GlobalSection(SolutionProperties) = preSolution
		HideSolutionNode = FALSE
	EndGlobalSection
EndGlobal
