Microsoft Visual Studio Solution File, Format Version 12.00
# Visual Studio Version 17
VisualStudioVersion = 17.0.31903.59
MinimumVisualStudioVersion = 10.0.40219.1
Project("{FAE04EC0-301F-11D3-BF4B-00C04F79EFBC}") = "DungeonGenerator.Core", "DungeonGenerator.Core\DungeonGenerator.Core.csproj", "{Y5Z6A7B8-C9D0-1234-5678-901234567890}"
EndProject
Project("{FAE04EC0-301F-11D3-BF4B-00C04F79EFBC}") = "DungeonGenerator.App", "DungeonGenerator.App\DungeonGenerator.App.csproj", "{Z6A7B8C9-D0E1-2345-6789-012345678901}"
EndProject
Project("{FAE04EC0-301F-11D3-BF4B-00C04F79EFBC}") = "DungeonGenerator.Tests", "DungeonGenerator.Tests\DungeonGenerator.Tests.csproj", "{A7B8C9D0-E1F2-3456-7890-123456789012}"
EndProject
Global
	GlobalSection(SolutionConfigurationPlatforms) = preSolution
		Debug|Any CPU = Debug|Any CPU
		Release|Any CPU = Release|Any CPU
	EndGlobalSection
	GlobalSection(ProjectConfigurationPlatforms) = postSolution
		{Y5Z6A7B8-C9D0-1234-5678-901234567890}.Debug|Any CPU.ActiveCfg = Debug|Any CPU
		{Y5Z6A7B8-C9D0-1234-5678-901234567890}.Debug|Any CPU.Build.0 = Debug|Any CPU
		{Y5Z6A7B8-C9D0-1234-5678-901234567890}.Release|Any CPU.ActiveCfg = Release|Any CPU
		{Y5Z6A7B8-C9D0-1234-5678-901234567890}.Release|Any CPU.Build.0 = Release|Any CPU
		{Z6A7B8C9-D0E1-2345-6789-012345678901}.Debug|Any CPU.ActiveCfg = Debug|Any CPU
		{Z6A7B8C9-D0E1-2345-6789-012345678901}.Debug|Any CPU.Build.0 = Debug|Any CPU
		{Z6A7B8C9-D0E1-2345-6789-012345678901}.Release|Any CPU.ActiveCfg = Release|Any CPU
		{Z6A7B8C9-D0E1-2345-6789-012345678901}.Release|Any CPU.Build.0 = Release|Any CPU
		{A7B8C9D0-E1F2-3456-7890-123456789012}.Debug|Any CPU.ActiveCfg = Debug|Any CPU
		{A7B8C9D0-E1F2-3456-7890-123456789012}.Debug|Any CPU.Build.0 = Debug|Any CPU
		{A7B8C9D0-E1F2-3456-7890-123456789012}.Release|Any CPU.ActiveCfg = Release|Any CPU
		{A7B8C9D0-E1F2-3456-7890-123456789012}.Release|Any CPU.Build.0 = Release|Any CPU
	EndGlobalSection
EndGlobal 