Microsoft Visual Studio Solution File, Format Version 12.00
# Visual Studio Version 17
VisualStudioVersion = 17.0.31903.59
MinimumVisualStudioVersion = 10.0.40219.1
Project("{FAE04EC0-301F-11D3-BF4B-00C04F79EFBC}") = "ConfigurationSystem.Core", "ConfigurationSystem.Core\ConfigurationSystem.Core.csproj", "{H4I5J6K7-L8M9-0123-4567-890123456789}"
EndProject
Project("{FAE04EC0-301F-11D3-BF4B-00C04F79EFBC}") = "ConfigurationSystem.App", "ConfigurationSystem.App\ConfigurationSystem.App.csproj", "{I5J6K7L8-M9N0-1234-5678-901234567890}"
EndProject
Project("{FAE04EC0-301F-11D3-BF4B-00C04F79EFBC}") = "ConfigurationSystem.Tests", "ConfigurationSystem.Tests\ConfigurationSystem.Tests.csproj", "{J6K7L8M9-N0O1-2345-6789-012345678901}"
EndProject
Global
	GlobalSection(SolutionConfigurationPlatforms) = preSolution
		Debug|Any CPU = Debug|Any CPU
		Release|Any CPU = Release|Any CPU
	EndGlobalSection
	GlobalSection(ProjectConfigurationPlatforms) = postSolution
		{H4I5J6K7-L8M9-0123-4567-890123456789}.Debug|Any CPU.ActiveCfg = Debug|Any CPU
		{H4I5J6K7-L8M9-0123-4567-890123456789}.Debug|Any CPU.Build.0 = Debug|Any CPU
		{H4I5J6K7-L8M9-0123-4567-890123456789}.Release|Any CPU.ActiveCfg = Release|Any CPU
		{H4I5J6K7-L8M9-0123-4567-890123456789}.Release|Any CPU.Build.0 = Release|Any CPU
		{I5J6K7L8-M9N0-1234-5678-901234567890}.Debug|Any CPU.ActiveCfg = Debug|Any CPU
		{I5J6K7L8-M9N0-1234-5678-901234567890}.Debug|Any CPU.Build.0 = Debug|Any CPU
		{I5J6K7L8-M9N0-1234-5678-901234567890}.Release|Any CPU.ActiveCfg = Release|Any CPU
		{I5J6K7L8-M9N0-1234-5678-901234567890}.Release|Any CPU.Build.0 = Release|Any CPU
		{J6K7L8M9-N0O1-2345-6789-012345678901}.Debug|Any CPU.ActiveCfg = Debug|Any CPU
		{J6K7L8M9-N0O1-2345-6789-012345678901}.Debug|Any CPU.Build.0 = Debug|Any CPU
		{J6K7L8M9-N0O1-2345-6789-012345678901}.Release|Any CPU.ActiveCfg = Release|Any CPU
		{J6K7L8M9-N0O1-2345-6789-012345678901}.Release|Any CPU.Build.0 = Release|Any CPU
	EndGlobalSection
EndGlobal 