
Microsoft Visual Studio Solution File, Format Version 12.00
# Visual Studio Version 17
VisualStudioVersion = 17.0.31903.59
MinimumVisualStudioVersion = 10.0.40219.1
Project("{FAE04EC0-301F-11D3-BF4B-00C04F79EFBC}") = "GameBuffer.Core", "GameBuffer.Core\GameBuffer.Core.csproj", "{11EF253C-365C-4D3E-A3A1-10354D9C807C}"
EndProject
Project("{FAE04EC0-301F-11D3-BF4B-00C04F79EFBC}") = "GameBuffer.Tests", "GameBuffer.Tests\GameBuffer.Tests.csproj", "{1CBF2C99-3ACF-4DD9-B604-902313071D4C}"
EndProject
Project("{FAE04EC0-301F-11D3-BF4B-00C04F79EFBC}") = "GameBuffer.App", "GameBuffer.App\GameBuffer.App.csproj", "{97A03CA6-AADA-4684-A3DD-7980E3C811F7}"
EndProject
Global
	GlobalSection(SolutionConfigurationPlatforms) = preSolution
		Debug|Any CPU = Debug|Any CPU
		Debug|x64 = Debug|x64
		Debug|x86 = Debug|x86
		Release|Any CPU = Release|Any CPU
		Release|x64 = Release|x64
		Release|x86 = Release|x86
	EndGlobalSection
	GlobalSection(ProjectConfigurationPlatforms) = postSolution
		{11EF253C-365C-4D3E-A3A1-10354D9C807C}.Debug|Any CPU.ActiveCfg = Debug|Any CPU
		{11EF253C-365C-4D3E-A3A1-10354D9C807C}.Debug|Any CPU.Build.0 = Debug|Any CPU
		{11EF253C-365C-4D3E-A3A1-10354D9C807C}.Debug|x64.ActiveCfg = Debug|Any CPU
		{11EF253C-365C-4D3E-A3A1-10354D9C807C}.Debug|x64.Build.0 = Debug|Any CPU
		{11EF253C-365C-4D3E-A3A1-10354D9C807C}.Debug|x86.ActiveCfg = Debug|Any CPU
		{11EF253C-365C-4D3E-A3A1-10354D9C807C}.Debug|x86.Build.0 = Debug|Any CPU
		{11EF253C-365C-4D3E-A3A1-10354D9C807C}.Release|Any CPU.ActiveCfg = Release|Any CPU
		{11EF253C-365C-4D3E-A3A1-10354D9C807C}.Release|Any CPU.Build.0 = Release|Any CPU
		{11EF253C-365C-4D3E-A3A1-10354D9C807C}.Release|x64.ActiveCfg = Release|Any CPU
		{11EF253C-365C-4D3E-A3A1-10354D9C807C}.Release|x64.Build.0 = Release|Any CPU
		{11EF253C-365C-4D3E-A3A1-10354D9C807C}.Release|x86.ActiveCfg = Release|Any CPU
		{11EF253C-365C-4D3E-A3A1-10354D9C807C}.Release|x86.Build.0 = Release|Any CPU
		{1CBF2C99-3ACF-4DD9-B604-902313071D4C}.Debug|Any CPU.ActiveCfg = Debug|Any CPU
		{1CBF2C99-3ACF-4DD9-B604-902313071D4C}.Debug|Any CPU.Build.0 = Debug|Any CPU
		{1CBF2C99-3ACF-4DD9-B604-902313071D4C}.Debug|x64.ActiveCfg = Debug|Any CPU
		{1CBF2C99-3ACF-4DD9-B604-902313071D4C}.Debug|x64.Build.0 = Debug|Any CPU
		{1CBF2C99-3ACF-4DD9-B604-902313071D4C}.Debug|x86.ActiveCfg = Debug|Any CPU
		{1CBF2C99-3ACF-4DD9-B604-902313071D4C}.Debug|x86.Build.0 = Debug|Any CPU
		{1CBF2C99-3ACF-4DD9-B604-902313071D4C}.Release|Any CPU.ActiveCfg = Release|Any CPU
		{1CBF2C99-3ACF-4DD9-B604-902313071D4C}.Release|Any CPU.Build.0 = Release|Any CPU
		{1CBF2C99-3ACF-4DD9-B604-902313071D4C}.Release|x64.ActiveCfg = Release|Any CPU
		{1CBF2C99-3ACF-4DD9-B604-902313071D4C}.Release|x64.Build.0 = Release|Any CPU
		{1CBF2C99-3ACF-4DD9-B604-902313071D4C}.Release|x86.ActiveCfg = Release|Any CPU
		{1CBF2C99-3ACF-4DD9-B604-902313071D4C}.Release|x86.Build.0 = Release|Any CPU
		{97A03CA6-AADA-4684-A3DD-7980E3C811F7}.Debug|Any CPU.ActiveCfg = Debug|Any CPU
		{97A03CA6-AADA-4684-A3DD-7980E3C811F7}.Debug|Any CPU.Build.0 = Debug|Any CPU
		{97A03CA6-AADA-4684-A3DD-7980E3C811F7}.Debug|x64.ActiveCfg = Debug|Any CPU
		{97A03CA6-AADA-4684-A3DD-7980E3C811F7}.Debug|x64.Build.0 = Debug|Any CPU
		{97A03CA6-AADA-4684-A3DD-7980E3C811F7}.Debug|x86.ActiveCfg = Debug|Any CPU
		{97A03CA6-AADA-4684-A3DD-7980E3C811F7}.Debug|x86.Build.0 = Debug|Any CPU
		{97A03CA6-AADA-4684-A3DD-7980E3C811F7}.Release|Any CPU.ActiveCfg = Release|Any CPU
		{97A03CA6-AADA-4684-A3DD-7980E3C811F7}.Release|Any CPU.Build.0 = Release|Any CPU
		{97A03CA6-AADA-4684-A3DD-7980E3C811F7}.Release|x64.ActiveCfg = Release|Any CPU
		{97A03CA6-AADA-4684-A3DD-7980E3C811F7}.Release|x64.Build.0 = Release|Any CPU
		{97A03CA6-AADA-4684-A3DD-7980E3C811F7}.Release|x86.ActiveCfg = Release|Any CPU
		{97A03CA6-AADA-4684-A3DD-7980E3C811F7}.Release|x86.Build.0 = Release|Any CPU
	EndGlobalSection
	GlobalSection(SolutionProperties) = preSolution
		HideSolutionNode = FALSE
	EndGlobalSection
EndGlobal
