Microsoft Visual Studio Solution File, Format Version 12.00
# Visual Studio Version 17
VisualStudioVersion = 17.0.31903.59
MinimumVisualStudioVersion = 10.0.40219.1
Project("{FAE04EC0-301F-11D3-BF4B-00C04F79EFBC}") = "PluginSystem.Core", "PluginSystem.Core\PluginSystem.Core.csproj", "{V2W3X4Y5-Z6A7-8901-2345-678901234567}"
EndProject
Project("{FAE04EC0-301F-11D3-BF4B-00C04F79EFBC}") = "PluginSystem.App", "PluginSystem.App\PluginSystem.App.csproj", "{W3X4Y5Z6-A7B8-9012-3456-789012345678}"
EndProject
Project("{FAE04EC0-301F-11D3-BF4B-00C04F79EFBC}") = "PluginSystem.Tests", "PluginSystem.Tests\PluginSystem.Tests.csproj", "{X4Y5Z6A7-B8C9-0123-4567-890123456789}"
EndProject
Global
	GlobalSection(SolutionConfigurationPlatforms) = preSolution
		Debug|Any CPU = Debug|Any CPU
		Release|Any CPU = Release|Any CPU
	EndGlobalSection
	GlobalSection(ProjectConfigurationPlatforms) = postSolution
		{V2W3X4Y5-Z6A7-8901-2345-678901234567}.Debug|Any CPU.ActiveCfg = Debug|Any CPU
		{V2W3X4Y5-Z6A7-8901-2345-678901234567}.Debug|Any CPU.Build.0 = Debug|Any CPU
		{V2W3X4Y5-Z6A7-8901-2345-678901234567}.Release|Any CPU.ActiveCfg = Release|Any CPU
		{V2W3X4Y5-Z6A7-8901-2345-678901234567}.Release|Any CPU.Build.0 = Release|Any CPU
		{W3X4Y5Z6-A7B8-9012-3456-789012345678}.Debug|Any CPU.ActiveCfg = Debug|Any CPU
		{W3X4Y5Z6-A7B8-9012-3456-789012345678}.Debug|Any CPU.Build.0 = Debug|Any CPU
		{W3X4Y5Z6-A7B8-9012-3456-789012345678}.Release|Any CPU.ActiveCfg = Release|Any CPU
		{W3X4Y5Z6-A7B8-9012-3456-789012345678}.Release|Any CPU.Build.0 = Release|Any CPU
		{X4Y5Z6A7-B8C9-0123-4567-890123456789}.Debug|Any CPU.ActiveCfg = Debug|Any CPU
		{X4Y5Z6A7-B8C9-0123-4567-890123456789}.Debug|Any CPU.Build.0 = Debug|Any CPU
		{X4Y5Z6A7-B8C9-0123-4567-890123456789}.Release|Any CPU.ActiveCfg = Release|Any CPU
		{X4Y5Z6A7-B8C9-0123-4567-890123456789}.Release|Any CPU.Build.0 = Release|Any CPU
	EndGlobalSection
EndGlobal 