
Microsoft Visual Studio Solution File, Format Version 12.00
# Visual Studio Version 17
VisualStudioVersion = 17.0.31903.59
MinimumVisualStudioVersion = 10.0.40219.1
Project("{FAE04EC0-301F-11D3-BF4B-00C04F79EFBC}") = "MultiplayerSystem.Core", "MultiplayerSystem.Core\MultiplayerSystem.Core.csproj", "{E32D47C7-E500-45FC-8B61-C163C5E5249F}"
EndProject
Project("{FAE04EC0-301F-11D3-BF4B-00C04F79EFBC}") = "MultiplayerSystem.Tests", "MultiplayerSystem.Tests\MultiplayerSystem.Tests.csproj", "{FC6AAF79-0733-423D-82F6-339C7512105C}"
EndProject
Global
	GlobalSection(SolutionConfigurationPlatforms) = preSolution
		Debug|Any CPU = Debug|Any CPU
		Debug|x64 = Debug|x64
		Debug|x86 = Debug|x86
		Release|Any CPU = Release|Any CPU
		Release|x64 = Release|x64
		Release|x86 = Release|x86
	EndGlobalSection
	GlobalSection(ProjectConfigurationPlatforms) = postSolution
		{E32D47C7-E500-45FC-8B61-C163C5E5249F}.Debug|Any CPU.ActiveCfg = Debug|Any CPU
		{E32D47C7-E500-45FC-8B61-C163C5E5249F}.Debug|Any CPU.Build.0 = Debug|Any CPU
		{E32D47C7-E500-45FC-8B61-C163C5E5249F}.Debug|x64.ActiveCfg = Debug|Any CPU
		{E32D47C7-E500-45FC-8B61-C163C5E5249F}.Debug|x64.Build.0 = Debug|Any CPU
		{E32D47C7-E500-45FC-8B61-C163C5E5249F}.Debug|x86.ActiveCfg = Debug|Any CPU
		{E32D47C7-E500-45FC-8B61-C163C5E5249F}.Debug|x86.Build.0 = Debug|Any CPU
		{E32D47C7-E500-45FC-8B61-C163C5E5249F}.Release|Any CPU.ActiveCfg = Release|Any CPU
		{E32D47C7-E500-45FC-8B61-C163C5E5249F}.Release|Any CPU.Build.0 = Release|Any CPU
		{E32D47C7-E500-45FC-8B61-C163C5E5249F}.Release|x64.ActiveCfg = Release|Any CPU
		{E32D47C7-E500-45FC-8B61-C163C5E5249F}.Release|x64.Build.0 = Release|Any CPU
		{E32D47C7-E500-45FC-8B61-C163C5E5249F}.Release|x86.ActiveCfg = Release|Any CPU
		{E32D47C7-E500-45FC-8B61-C163C5E5249F}.Release|x86.Build.0 = Release|Any CPU
		{FC6AAF79-0733-423D-82F6-339C7512105C}.Debug|Any CPU.ActiveCfg = Debug|Any CPU
		{FC6AAF79-0733-423D-82F6-339C7512105C}.Debug|Any CPU.Build.0 = Debug|Any CPU
		{FC6AAF79-0733-423D-82F6-339C7512105C}.Debug|x64.ActiveCfg = Debug|Any CPU
		{FC6AAF79-0733-423D-82F6-339C7512105C}.Debug|x64.Build.0 = Debug|Any CPU
		{FC6AAF79-0733-423D-82F6-339C7512105C}.Debug|x86.ActiveCfg = Debug|Any CPU
		{FC6AAF79-0733-423D-82F6-339C7512105C}.Debug|x86.Build.0 = Debug|Any CPU
		{FC6AAF79-0733-423D-82F6-339C7512105C}.Release|Any CPU.ActiveCfg = Release|Any CPU
		{FC6AAF79-0733-423D-82F6-339C7512105C}.Release|Any CPU.Build.0 = Release|Any CPU
		{FC6AAF79-0733-423D-82F6-339C7512105C}.Release|x64.ActiveCfg = Release|Any CPU
		{FC6AAF79-0733-423D-82F6-339C7512105C}.Release|x64.Build.0 = Release|Any CPU
		{FC6AAF79-0733-423D-82F6-339C7512105C}.Release|x86.ActiveCfg = Release|Any CPU
		{FC6AAF79-0733-423D-82F6-339C7512105C}.Release|x86.Build.0 = Release|Any CPU
	EndGlobalSection
	GlobalSection(SolutionProperties) = preSolution
		HideSolutionNode = FALSE
	EndGlobalSection
EndGlobal
